
Microsoft Visual Studio Solution File, Format Version 12.00
# Visual Studio 15
VisualStudioVersion = 15.0.28307.757
MinimumVisualStudioVersion = 10.0.40219.1
Project("{FAE04EC0-301F-11D3-BF4B-00C04F79EFBC}") = "claer_double_link", "claer_double_link\claer_double_link.csproj", "{2FDEF8CD-4301-4257-A89C-8EC501770319}"
EndProject
Global
	GlobalSection(SolutionConfigurationPlatforms) = preSolution
		Debug|Any CPU = Debug|Any CPU
		Release|Any CPU = Release|Any CPU
	EndGlobalSection
	GlobalSection(ProjectConfigurationPlatforms) = postSolution
		{2FDEF8CD-4301-4257-A89C-8EC501770319}.Debug|Any CPU.ActiveCfg = Debug|Any CPU
		{2FDEF8CD-4301-4257-A89C-8EC501770319}.Debug|Any CPU.Build.0 = Debug|Any CPU
		{2FDEF8CD-4301-4257-A89C-8EC501770319}.Release|Any CPU.ActiveCfg = Release|Any CPU
		{2FDEF8CD-4301-4257-A89C-8EC501770319}.Release|Any CPU.Build.0 = Release|Any CPU
	EndGlobalSection
	GlobalSection(SolutionProperties) = preSolution
		HideSolutionNode = FALSE
	EndGlobalSection
	GlobalSection(ExtensibilityGlobals) = postSolution
		SolutionGuid = {F29D9581-F53B-4067-AEAF-6469F2AA61CB}
	EndGlobalSection
EndGlobal
